github.com/felixge/httpsnoop v1.0.1 h1:lvB5Jl89CsZtGIWuTcDM1E/vkVs49/Ml7JJe07l8SPQ=
github.com/felixge/httpsnoop v1.0.1/go.mod h1:m8KPJKqk1gH5J9DgRY2ASl2lWCfGKXixSwevea8zH2U=
github.com/go-telegram-bot-api/telegram-bot-api v4.6.4+incompatible h1:2cauKuaELYAEARXRkq2LrJ0yDDv1rW7+wrTEdVL3uaU=
github.com/go-telegram-bot-api/telegram-bot-api v4.6.4+incompatible/go.mod h1:qf9acutJ8cwBUhm1bqgz6Bei9/C/c93FPDljKWwsOgM=
github.com/gorilla/handlers v1.5.1 h1:9lRY6j8DEeeBT10CvO9hGW0gmky0BprnvDI5vfhUHH4=
github.com/gorilla/handlers v1.5.1/go.mod h1:t8XrUpc4KVXb7HGyJ4/cEnwQiaxrX/hz1Zv/4g96P1Q=
github.com/gorilla/mux v1.8.0 h1:i40aqfkR1h2SlN9hojwV5ZA91wcXFOvkdNIeFDP5koI=
github.com/gorilla/mux v1.8.0/go.mod h1:DVbg23sWSpFRCP0SfiEN6jmj59UnW/n46BH5rLB71So=
github.com/serge64/env v0.0.1 h1:XoFxoAzup1xLuoUuj12a0TbPwfqea1a24fy37obzqZM=
github.com/serge64/env v0.0.1/go.mod h1:L9RbnpbWTw5JT07AaV75vEzyrnp/BW4fGo6TzpywT1Y=
github.com/serge64/env v1.0.0 h1:eG1vML/IQajTMYo060nmQmrDIJPvGXLUp5qYCpXQ77s=
github.com/serge64/env v1.0.0/go.mod h1:L9RbnpbWTw5JT07AaV75vEzyrnp/BW4fGo6TzpywT1Y=
github.com/serge64/httpserver v0.0.1 h1:QjD/W+LeX+mrUGXtGBNmXiIIqrUmwS6GDnCjYJDMA5g=
github.com/serge64/httpserver v0.0.1/go.mod h1:Pz8D0FG+XcCGrKm6aQvdlFTKQvyunDiZlBEc+x8NynU=
github.com/serge64/httpserver v0.0.2 h1:ETLnYk5n87ZkWuSJnRTPkKVfYEC9L3LwkyGF/BBOdko=
github.com/serge64/httpserver v0.0.2/go.mod h1:Pz8D0FG+XcCGrKm6aQvdlFTKQvyunDiZlBEc+x8NynU=
github.com/serge64/httpserver v1.0.0 h1:JypkdbifKH8pnKMcDcYfTtgSiwUgygLtnlnKVry5ewI=
github.com/serge64/httpserver v1.0.0/go.mod h1:Pz8D0FG+XcCGrKm6aQvdlFTKQvyunDiZlBEc+x8NynU=
github.com/technoweenie/multipartstreamer v1.0.1 h1:XRztA5MXiR1TIRHxH2uNxXxaIkKQDeX7m2XsSOlQEnM=
github.com/technoweenie/multipartstreamer v1.0.1/go.mod h1:jNVxdtShOxzAsukZwTSw6MDx5eUJoiEBsSvzDU9uzog=
